// !$*UTF8*$!
{
	archiveVersion = 1;
	classes = {
	};
	objectVersion = 56;
	objects = {

/* Begin PBXBuildFile section */
		AEF35B052B59B75C00FFAF5C /* AppDelegate.swift in Sources */ = {isa = PBXBuildFile; fileRef = AEF35B042B59B75C00FFAF5C /* AppDelegate.swift */; };
		AEF35B072B59B75C00FFAF5C /* SceneDelegate.swift in Sources */ = {isa = PBXBuildFile; fileRef = AEF35B062B59B75C00FFAF5C /* SceneDelegate.swift */; };
		AEF35B092B59B75C00FFAF5C /* LandingPageViewController.swift in Sources */ = {isa = PBXBuildFile; fileRef = AEF35B082B59B75C00FFAF5C /* LandingPageViewController.swift */; };
		AEF35B0C2B59B75C00FFAF5C /* Main.storyboard in Resources */ = {isa = PBXBuildFile; fileRef = AEF35B0A2B59B75C00FFAF5C /* Main.storyboard */; };
		AEF35B0E2B59B75D00FFAF5C /* Assets.xcassets in Resources */ = {isa = PBXBuildFile; fileRef = AEF35B0D2B59B75D00FFAF5C /* Assets.xcassets */; };
		AEF35B112B59B75D00FFAF5C /* LaunchScreen.storyboard in Resources */ = {isa = PBXBuildFile; fileRef = AEF35B0F2B59B75D00FFAF5C /* LaunchScreen.storyboard */; };
		AEF35B1F2B59BA6C00FFAF5C /* SegueConstants.swift in Sources */ = {isa = PBXBuildFile; fileRef = AEF35B1E2B59BA6C00FFAF5C /* SegueConstants.swift */; };
		AEF35B212B59BB6700FFAF5C /* ErrorConstants.swift in Sources */ = {isa = PBXBuildFile; fileRef = AEF35B202B59BB6700FFAF5C /* ErrorConstants.swift */; };
		AEF35B232B59BBD000FFAF5C /* RegisterViewController.swift in Sources */ = {isa = PBXBuildFile; fileRef = AEF35B222B59BBD000FFAF5C /* RegisterViewController.swift */; };
		AEF35B252B59BBF100FFAF5C /* SignInViewController.swift in Sources */ = {isa = PBXBuildFile; fileRef = AEF35B242B59BBF100FFAF5C /* SignInViewController.swift */; };
		AEF35B272B59C13F00FFAF5C /* HomeViewController.swift in Sources */ = {isa = PBXBuildFile; fileRef = AEF35B262B59C13F00FFAF5C /* HomeViewController.swift */; };
/* End PBXBuildFile section */

/* Begin PBXFileReference section */
		AEF35B012B59B75C00FFAF5C /* UserSession.app */ = {isa = PBXFileReference; explicitFileType = wrapper.application; includeInIndex = 0; path = UserSession.app; sourceTree = BUILT_PRODUCTS_DIR; };
		AEF35B042B59B75C00FFAF5C /* AppDelegate.swift */ = {isa = PBXFileReference; lastKnownFileType = sourcecode.swift; path = AppDelegate.swift; sourceTree = "<group>"; };
		AEF35B062B59B75C00FFAF5C /* SceneDelegate.swift */ = {isa = PBXFileReference; lastKnownFileType = sourcecode.swift; path = SceneDelegate.swift; sourceTree = "<group>"; };
		AEF35B082B59B75C00FFAF5C /* LandingPageViewController.swift */ = {isa = PBXFileReference; lastKnownFileType = sourcecode.swift; path = LandingPageViewController.swift; sourceTree = "<group>"; };
		AEF35B0B2B59B75C00FFAF5C /* Base */ = {isa = PBXFileReference; lastKnownFileType = file.storyboard; name = Base; path = Base.lproj/Main.storyboard; sourceTree = "<group>"; };
		AEF35B0D2B59B75D00FFAF5C /* Assets.xcassets */ = {isa = PBXFileReference; lastKnownFileType = folder.assetcatalog; path = Assets.xcassets; sourceTree = "<group>"; };
		AEF35B102B59B75D00FFAF5C /* Base */ = {isa = PBXFileReference; lastKnownFileType = file.storyboard; name = Base; path = Base.lproj/LaunchScreen.storyboard; sourceTree = "<group>"; };
		AEF35B122B59B75D00FFAF5C /* Info.plist */ = {isa = PBXFileReference; lastKnownFileType = text.plist.xml; path = Info.plist; sourceTree = "<group>"; };
		AEF35B1E2B59BA6C00FFAF5C /* SegueConstants.swift */ = {isa = PBXFileReference; lastKnownFileType = sourcecode.swift; path = SegueConstants.swift; sourceTree = "<group>"; };
		AEF35B202B59BB6700FFAF5C /* ErrorConstants.swift */ = {isa = PBXFileReference; lastKnownFileType = sourcecode.swift; path = ErrorConstants.swift; sourceTree = "<group>"; };
		AEF35B222B59BBD000FFAF5C /* RegisterViewController.swift */ = {isa = PBXFileReference; lastKnownFileType = sourcecode.swift; path = RegisterViewController.swift; sourceTree = "<group>"; };
		AEF35B242B59BBF100FFAF5C /* SignInViewController.swift */ = {isa = PBXFileReference; lastKnownFileType = sourcecode.swift; path = SignInViewController.swift; sourceTree = "<group>"; };
		AEF35B262B59C13F00FFAF5C /* HomeViewController.swift */ = {isa = PBXFileReference; lastKnownFileType = sourcecode.swift; path = HomeViewController.swift; sourceTree = "<group>"; };
/* End PBXFileReference section */

/* Begin PBXFrameworksBuildPhase section */
		AEF35AFE2B59B75C00FFAF5C /* Frameworks */ = {
			isa = PBXFrameworksBuildPhase;
			buildActionMask = 2147483647;
			files = (
			);
			runOnlyForDeploymentPostprocessing = 0;
		};
/* End PBXFrameworksBuildPhase section */

/* Begin PBXGroup section */
		AEF35AF82B59B75C00FFAF5C = {
			isa = PBXGroup;
			children = (
				AEF35B032B59B75C00FFAF5C /* UserSession */,
				AEF35B022B59B75C00FFAF5C /* Products */,
			);
			sourceTree = "<group>";
		};
		AEF35B022B59B75C00FFAF5C /* Products */ = {
			isa = PBXGroup;
			children = (
				AEF35B012B59B75C00FFAF5C /* UserSession.app */,
			);
			name = Products;
			sourceTree = "<group>";
		};
		AEF35B032B59B75C00FFAF5C /* UserSession */ = {
			isa = PBXGroup;
			children = (
				AEF35B122B59B75D00FFAF5C /* Info.plist */,
				AEF35B0D2B59B75D00FFAF5C /* Assets.xcassets */,
				AEF35B182B59B80F00FFAF5C /* AppConstants */,
				AEF35B1D2B59B86900FFAF5C /* AppDelegates */,
				AEF35B1B2B59B82500FFAF5C /* Controllers */,
				AEF35B1A2B59B82000FFAF5C /* Model */,
				AEF35B1C2B59B84C00FFAF5C /* View */,
				AEF35B192B59B81A00FFAF5C /* ViewModel */,
			);
			path = UserSession;
			sourceTree = "<group>";
		};
		AEF35B182B59B80F00FFAF5C /* AppConstants */ = {
			isa = PBXGroup;
			children = (
				AEF35B1E2B59BA6C00FFAF5C /* SegueConstants.swift */,
				AEF35B202B59BB6700FFAF5C /* ErrorConstants.swift */,
			);
			path = AppConstants;
			sourceTree = "<group>";
		};
		AEF35B192B59B81A00FFAF5C /* ViewModel */ = {
			isa = PBXGroup;
			children = (
			);
			path = ViewModel;
			sourceTree = "<group>";
		};
		AEF35B1A2B59B82000FFAF5C /* Model */ = {
			isa = PBXGroup;
			children = (
			);
			path = Model;
			sourceTree = "<group>";
		};
		AEF35B1B2B59B82500FFAF5C /* Controllers */ = {
			isa = PBXGroup;
			children = (
				AEF35B082B59B75C00FFAF5C /* LandingPageViewController.swift */,
				AEF35B222B59BBD000FFAF5C /* RegisterViewController.swift */,
				AEF35B242B59BBF100FFAF5C /* SignInViewController.swift */,
				AEF35B262B59C13F00FFAF5C /* HomeViewController.swift */,
			);
			path = Controllers;
			sourceTree = "<group>";
		};
		AEF35B1C2B59B84C00FFAF5C /* View */ = {
			isa = PBXGroup;
			children = (
				AEF35B0F2B59B75D00FFAF5C /* LaunchScreen.storyboard */,
				AEF35B0A2B59B75C00FFAF5C /* Main.storyboard */,
			);
			path = View;
			sourceTree = "<group>";
		};
		AEF35B1D2B59B86900FFAF5C /* AppDelegates */ = {
			isa = PBXGroup;
			children = (
				AEF35B042B59B75C00FFAF5C /* AppDelegate.swift */,
				AEF35B062B59B75C00FFAF5C /* SceneDelegate.swift */,
			);
			path = AppDelegates;
			sourceTree = "<group>";
		};
/* End PBXGroup section */

/* Begin PBXNativeTarget section */
		AEF35B002B59B75C00FFAF5C /* UserSession */ = {
			isa = PBXNativeTarget;
			buildConfigurationList = AEF35B152B59B75D00FFAF5C /* Build configuration list for PBXNativeTarget "UserSession" */;
			buildPhases = (
				AEF35AFD2B59B75C00FFAF5C /* Sources */,
				AEF35AFE2B59B75C00FFAF5C /* Frameworks */,
				AEF35AFF2B59B75C00FFAF5C /* Resources */,
			);
			buildRules = (
			);
			dependencies = (
			);
			name = UserSession;
			productName = UserSession;
			productReference = AEF35B012B59B75C00FFAF5C /* UserSession.app */;
			productType = "com.apple.product-type.application";
		};
/* End PBXNativeTarget section */

/* Begin PBXProject section */
		AEF35AF92B59B75C00FFAF5C /* Project object */ = {
			isa = PBXProject;
			attributes = {
				BuildIndependentTargetsInParallel = 1;
				LastSwiftUpdateCheck = 1520;
				LastUpgradeCheck = 1520;
				TargetAttributes = {
					AEF35B002B59B75C00FFAF5C = {
						CreatedOnToolsVersion = 15.2;
					};
				};
			};
			buildConfigurationList = AEF35AFC2B59B75C00FFAF5C /* Build configuration list for PBXProject "UserSession" */;
			compatibilityVersion = "Xcode 14.0";
			developmentRegion = en;
			hasScannedForEncodings = 0;
			knownRegions = (
				en,
				Base,
			);
			mainGroup = AEF35AF82B59B75C00FFAF5C;
			productRefGroup = AEF35B022B59B75C00FFAF5C /* Products */;
			projectDirPath = "";
			projectRoot = "";
			targets = (
				AEF35B002B59B75C00FFAF5C /* UserSession */,
			);
		};
/* End PBXProject section */

/* Begin PBXResourcesBuildPhase section */
		AEF35AFF2B59B75C00FFAF5C /* Resources */ = {
			isa = PBXResourcesBuildPhase;
			buildActionMask = 2147483647;
			files = (
				AEF35B112B59B75D00FFAF5C /* LaunchScreen.storyboard in Resources */,
				AEF35B0E2B59B75D00FFAF5C /* Assets.xcassets in Resources */,
				AEF35B0C2B59B75C00FFAF5C /* Main.storyboard in Resources */,
			);
			runOnlyForDeploymentPostprocessing = 0;
		};
/* End PBXResourcesBuildPhase section */

/* Begin PBXSourcesBuildPhase section */
		AEF35AFD2B59B75C00FFAF5C /* Sources */ = {
			isa = PBXSourcesBuildPhase;
			buildActionMask = 2147483647;
			files = (
				AEF35B252B59BBF100FFAF5C /* SignInViewController.swift in Sources */,
				AEF35B212B59BB6700FFAF5C /* ErrorConstants.swift in Sources */,
				AEF35B092B59B75C00FFAF5C /* LandingPageViewController.swift in Sources */,
				AEF35B272B59C13F00FFAF5C /* HomeViewController.swift in Sources */,
				AEF35B1F2B59BA6C00FFAF5C /* SegueConstants.swift in Sources */,
				AEF35B232B59BBD000FFAF5C /* RegisterViewController.swift in Sources */,
				AEF35B052B59B75C00FFAF5C /* AppDelegate.swift in Sources */,
				AEF35B072B59B75C00FFAF5C /* SceneDelegate.swift in Sources */,
			);
			runOnlyForDeploymentPostprocessing = 0;
		};
/* End PBXSourcesBuildPhase section */

/* Begin PBXVariantGroup section */
		AEF35B0A2B59B75C00FFAF5C /* Main.storyboard */ = {
			isa = PBXVariantGroup;
			children = (
				AEF35B0B2B59B75C00FFAF5C /* Base */,
			);
			name = Main.storyboard;
			sourceTree = "<group>";
		};
		AEF35B0F2B59B75D00FFAF5C /* LaunchScreen.storyboard */ = {
			isa = PBXVariantGroup;
			children = (
				AEF35B102B59B75D00FFAF5C /* Base */,
			);
			name = LaunchScreen.storyboard;
			sourceTree = "<group>";
		};
/* End PBXVariantGroup section */

/* Begin XCBuildConfiguration section */
		AEF35B132B59B75D00FFAF5C /* Debug */ = {
			isa = XCBuildConfiguration;
			buildSettings = {
				ALWAYS_SEARCH_USER_PATHS = NO;
				ASSETCATALOG_COMPILER_GENERATE_SWIFT_ASSET_SYMBOL_EXTENSIONS = YES;
				CLANG_ANALYZER_NONNULL = YES;
				CLANG_ANALYZER_NUMBER_OBJECT_CONVERSION = YES_AGGRESSIVE;
				CLANG_CXX_LANGUAGE_STANDARD = "gnu++20";
				CLANG_ENABLE_MODULES = YES;
				CLANG_ENABLE_OBJC_ARC = YES;
				CLANG_ENABLE_OBJC_WEAK = YES;
				CLANG_WARN_BLOCK_CAPTURE_AUTORELEASING = YES;
				CLANG_WARN_BOOL_CONVERSION = YES;
				CLANG_WARN_COMMA = YES;
				CLANG_WARN_CONSTANT_CONVERSION = YES;
				CLANG_WARN_DEPRECATED_OBJC_IMPLEMENTATIONS = YES;
				CLANG_WARN_DIRECT_OBJC_ISA_USAGE = YES_ERROR;
				CLANG_WARN_DOCUMENTATION_COMMENTS = YES;
				CLANG_WARN_EMPTY_BODY = YES;
				CLANG_WARN_ENUM_CONVERSION = YES;
				CLANG_WARN_INFINITE_RECURSION = YES;
				CLANG_WARN_INT_CONVERSION = YES;
				CLANG_WARN_NON_LITERAL_NULL_CONVERSION = YES;
				CLANG_WARN_OBJC_IMPLICIT_RETAIN_SELF = YES;
				CLANG_WARN_OBJC_LITERAL_CONVERSION = YES;
				CLANG_WARN_OBJC_ROOT_CLASS = YES_ERROR;
				CLANG_WARN_QUOTED_INCLUDE_IN_FRAMEWORK_HEADER = YES;
				CLANG_WARN_RANGE_LOOP_ANALYSIS = YES;
				CLANG_WARN_STRICT_PROTOTYPES = YES;
				CLANG_WARN_SUSPICIOUS_MOVE = YES;
				CLANG_WARN_UNGUARDED_AVAILABILITY = YES_AGGRESSIVE;
				CLANG_WARN_UNREACHABLE_CODE = YES;
				CLANG_WARN__DUPLICATE_METHOD_MATCH = YES;
				COPY_PHASE_STRIP = NO;
				DEBUG_INFORMATION_FORMAT = dwarf;
				ENABLE_STRICT_OBJC_MSGSEND = YES;
				ENABLE_TESTABILITY = YES;
				ENABLE_USER_SCRIPT_SANDBOXING = YES;
				GCC_C_LANGUAGE_STANDARD = gnu17;
				GCC_DYNAMIC_NO_PIC = NO;
				GCC_NO_COMMON_BLOCKS = YES;
				GCC_OPTIMIZATION_LEVEL = 0;
				GCC_PREPROCESSOR_DEFINITIONS = (
					"DEBUG=1",
					"$(inherited)",
				);
				GCC_WARN_64_TO_32_BIT_CONVERSION = YES;
				GCC_WARN_ABOUT_RETURN_TYPE = YES_ERROR;
				GCC_WARN_UNDECLARED_SELECTOR = YES;
				GCC_WARN_UNINITIALIZED_AUTOS = YES_AGGRESSIVE;
				GCC_WARN_UNUSED_FUNCTION = YES;
				GCC_WARN_UNUSED_VARIABLE = YES;
				IPHONEOS_DEPLOYMENT_TARGET = 17.2;
				LOCALIZATION_PREFERS_STRING_CATALOGS = YES;
				MTL_ENABLE_DEBUG_INFO = INCLUDE_SOURCE;
				MTL_FAST_MATH = YES;
				ONLY_ACTIVE_ARCH = YES;
				SDKROOT = iphoneos;
				SWIFT_ACTIVE_COMPILATION_CONDITIONS = "DEBUG $(inherited)";
				SWIFT_OPTIMIZATION_LEVEL = "-Onone";
			};
			name = Debug;
		};
		AEF35B142B59B75D00FFAF5C /* Release */ = {
			isa = XCBuildConfiguration;
			buildSettings = {
				ALWAYS_SEARCH_USER_PATHS = NO;
				ASSETCATALOG_COMPILER_GENERATE_SWIFT_ASSET_SYMBOL_EXTENSIONS = YES;
				CLANG_ANALYZER_NONNULL = YES;
				CLANG_ANALYZER_NUMBER_OBJECT_CONVERSION = YES_AGGRESSIVE;
				CLANG_CXX_LANGUAGE_STANDARD = "gnu++20";
				CLANG_ENABLE_MODULES = YES;
				CLANG_ENABLE_OBJC_ARC = YES;
				CLANG_ENABLE_OBJC_WEAK = YES;
				CLANG_WARN_BLOCK_CAPTURE_AUTORELEASING = YES;
				CLANG_WARN_BOOL_CONVERSION = YES;
				CLANG_WARN_COMMA = YES;
				CLANG_WARN_CONSTANT_CONVERSION = YES;
				CLANG_WARN_DEPRECATED_OBJC_IMPLEMENTATIONS = YES;
				CLANG_WARN_DIRECT_OBJC_ISA_USAGE = YES_ERROR;
				CLANG_WARN_DOCUMENTATION_COMMENTS = YES;
				CLANG_WARN_EMPTY_BODY = YES;
				CLANG_WARN_ENUM_CONVERSION = YES;
				CLANG_WARN_INFINITE_RECURSION = YES;
				CLANG_WARN_INT_CONVERSION = YES;
				CLANG_WARN_NON_LITERAL_NULL_CONVERSION = YES;
				CLANG_WARN_OBJC_IMPLICIT_RETAIN_SELF = YES;
				CLANG_WARN_OBJC_LITERAL_CONVERSION = YES;
				CLANG_WARN_OBJC_ROOT_CLASS = YES_ERROR;
				CLANG_WARN_QUOTED_INCLUDE_IN_FRAMEWORK_HEADER = YES;
				CLANG_WARN_RANGE_LOOP_ANALYSIS = YES;
				CLANG_WARN_STRICT_PROTOTYPES = YES;
				CLANG_WARN_SUSPICIOUS_MOVE = YES;
				CLANG_WARN_UNGUARDED_AVAILABILITY = YES_AGGRESSIVE;
				CLANG_WARN_UNREACHABLE_CODE = YES;
				CLANG_WARN__DUPLICATE_METHOD_MATCH = YES;
				COPY_PHASE_STRIP = NO;
				DEBUG_INFORMATION_FORMAT = "dwarf-with-dsym";
				ENABLE_NS_ASSERTIONS = NO;
				ENABLE_STRICT_OBJC_MSGSEND = YES;
				ENABLE_USER_SCRIPT_SANDBOXING = YES;
				GCC_C_LANGUAGE_STANDARD = gnu17;
				GCC_NO_COMMON_BLOCKS = YES;
				GCC_WARN_64_TO_32_BIT_CONVERSION = YES;
				GCC_WARN_ABOUT_RETURN_TYPE = YES_ERROR;
				GCC_WARN_UNDECLARED_SELECTOR = YES;
				GCC_WARN_UNINITIALIZED_AUTOS = YES_AGGRESSIVE;
				GCC_WARN_UNUSED_FUNCTION = YES;
				GCC_WARN_UNUSED_VARIABLE = YES;
				IPHONEOS_DEPLOYMENT_TARGET = 17.2;
				LOCALIZATION_PREFERS_STRING_CATALOGS = YES;
				MTL_ENABLE_DEBUG_INFO = NO;
				MTL_FAST_MATH = YES;
				SDKROOT = iphoneos;
				SWIFT_COMPILATION_MODE = wholemodule;
				VALIDATE_PRODUCT = YES;
			};
			name = Release;
		};
		AEF35B162B59B75D00FFAF5C /* Debug */ = {
			isa = XCBuildConfiguration;
			buildSettings = {
				ASSETCATALOG_COMPILER_APPICON_NAME = AppIcon;
				ASSETCATALOG_COMPILER_GLOBAL_ACCENT_COLOR_NAME = AccentColor;
				CODE_SIGN_STYLE = Automatic;
				CURRENT_PROJECT_VERSION = 1;
				DEVELOPMENT_TEAM = XWAT7T2QCR;
				GENERATE_INFOPLIST_FILE = YES;
				INFOPLIST_FILE = UserSession/Info.plist;
				INFOPLIST_KEY_UIApplicationSupportsIndirectInputEvents = YES;
				INFOPLIST_KEY_UILaunchStoryboardName = LaunchScreen;
				INFOPLIST_KEY_UIMainStoryboardFile = Main;
				INFOPLIST_KEY_UISupportedInterfaceOrientations_iPad = "UIInterfaceOrientationPortrait UIInterfaceOrientationPortraitUpsideDown UIInterfaceOrientationLandscapeLeft UIInterfaceOrientationLandscapeRight";
				INFOPLIST_KEY_UISupportedInterfaceOrientations_iPhone = "UIInterfaceOrientationPortrait UIInterfaceOrientationLandscapeLeft UIInterfaceOrientationLandscapeRight";
				LD_RUNPATH_SEARCH_PATHS = (
					"$(inherited)",
					"@executable_path/Frameworks",
				);
				MARKETING_VERSION = 1.0;
				PRODUCT_BUNDLE_IDENTIFIER = com.erikblanco.UserSession;
				PRODUCT_NAME = "$(TARGET_NAME)";
				SWIFT_EMIT_LOC_STRINGS = YES;
				SWIFT_VERSION = 5.0;
				TARGETED_DEVICE_FAMILY = "1,2";
			};
			name = Debug;
		};
		AEF35B172B59B75D00FFAF5C /* Release */ = {
			isa = XCBuildConfiguration;
			buildSettings = {
				ASSETCATALOG_COMPILER_APPICON_NAME = AppIcon;
				ASSETCATALOG_COMPILER_GLOBAL_ACCENT_COLOR_NAME = AccentColor;
				CODE_SIGN_STYLE = Automatic;
				CURRENT_PROJECT_VERSION = 1;
				DEVELOPMENT_TEAM = XWAT7T2QCR;
				GENERATE_INFOPLIST_FILE = YES;
				INFOPLIST_FILE = UserSession/Info.plist;
				INFOPLIST_KEY_UIApplicationSupportsIndirectInputEvents = YES;
				INFOPLIST_KEY_UILaunchStoryboardName = LaunchScreen;
				INFOPLIST_KEY_UIMainStoryboardFile = Main;
				INFOPLIST_KEY_UISupportedInterfaceOrientations_iPad = "UIInterfaceOrientationPortrait UIInterfaceOrientationPortraitUpsideDown UIInterfaceOrientationLandscapeLeft UIInterfaceOrientationLandscapeRight";
				INFOPLIST_KEY_UISupportedInterfaceOrientations_iPhone = "UIInterfaceOrientationPortrait UIInterfaceOrientationLandscapeLeft UIInterfaceOrientationLandscapeRight";
				LD_RUNPATH_SEARCH_PATHS = (
					"$(inherited)",
					"@executable_path/Frameworks",
				);
				MARKETING_VERSION = 1.0;
				PRODUCT_BUNDLE_IDENTIFIER = com.erikblanco.UserSession;
				PRODUCT_NAME = "$(TARGET_NAME)";
				SWIFT_EMIT_LOC_STRINGS = YES;
				SWIFT_VERSION = 5.0;
				TARGETED_DEVICE_FAMILY = "1,2";
			};
			name = Release;
		};
/* End XCBuildConfiguration section */

/* Begin XCConfigurationList section */
		AEF35AFC2B59B75C00FFAF5C /* Build configuration list for PBXProject "UserSession" */ = {
			isa = XCConfigurationList;
			buildConfigurations = (
				AEF35B132B59B75D00FFAF5C /* Debug */,
				AEF35B142B59B75D00FFAF5C /* Release */,
			);
			defaultConfigurationIsVisible = 0;
			defaultConfigurationName = Release;
		};
		AEF35B152B59B75D00FFAF5C /* Build configuration list for PBXNativeTarget "UserSession" */ = {
			isa = XCConfigurationList;
			buildConfigurations = (
				AEF35B162B59B75D00FFAF5C /* Debug */,
				AEF35B172B59B75D00FFAF5C /* Release */,
			);
			defaultConfigurationIsVisible = 0;
			defaultConfigurationName = Release;
		};
/* End XCConfigurationList section */
	};
	rootObject = AEF35AF92B59B75C00FFAF5C /* Project object */;
}
