// !$*UTF8*$!
{
	archiveVersion = 1;
	classes = {
	};
	objectVersion = 56;
	objects = {

/* Begin PBXBuildFile section */
		AE33BA0A2B609F03008C890A /* RegisterValidationUnitTests.swift in Sources */ = {isa = PBXBuildFile; fileRef = AE33BA092B609F03008C890A /* RegisterValidationUnitTests.swift */; };
		AE33BA112B60C7EE008C890A /* ValidationResult.swift in Sources */ = {isa = PBXBuildFile; fileRef = AE33BA102B60C7EE008C890A /* ValidationResult.swift */; };
		AE9D74C52B60CE2A001C5C94 /* SignInValidationUnitTests.swift in Sources */ = {isa = PBXBuildFile; fileRef = AE9D74C42B60CE2A001C5C94 /* SignInValidationUnitTests.swift */; };
		AE9D74C82B60D37C001C5C94 /* RegisterMockService.swift in Sources */ = {isa = PBXBuildFile; fileRef = AE9D74C72B60D37C001C5C94 /* RegisterMockService.swift */; };
		AE9D74CA2B60D3A0001C5C94 /* RegisterViewModelTests.swift in Sources */ = {isa = PBXBuildFile; fileRef = AE9D74C92B60D3A0001C5C94 /* RegisterViewModelTests.swift */; };
		AE9D74CC2B60D9FD001C5C94 /* SuccessConstants.swift in Sources */ = {isa = PBXBuildFile; fileRef = AE9D74CB2B60D9FD001C5C94 /* SuccessConstants.swift */; };
		AEF35B052B59B75C00FFAF5C /* AppDelegate.swift in Sources */ = {isa = PBXBuildFile; fileRef = AEF35B042B59B75C00FFAF5C /* AppDelegate.swift */; };
		AEF35B072B59B75C00FFAF5C /* SceneDelegate.swift in Sources */ = {isa = PBXBuildFile; fileRef = AEF35B062B59B75C00FFAF5C /* SceneDelegate.swift */; };
		AEF35B092B59B75C00FFAF5C /* LandingPageViewController.swift in Sources */ = {isa = PBXBuildFile; fileRef = AEF35B082B59B75C00FFAF5C /* LandingPageViewController.swift */; };
		AEF35B0C2B59B75C00FFAF5C /* Main.storyboard in Resources */ = {isa = PBXBuildFile; fileRef = AEF35B0A2B59B75C00FFAF5C /* Main.storyboard */; };
		AEF35B0E2B59B75D00FFAF5C /* Assets.xcassets in Resources */ = {isa = PBXBuildFile; fileRef = AEF35B0D2B59B75D00FFAF5C /* Assets.xcassets */; };
		AEF35B112B59B75D00FFAF5C /* LaunchScreen.storyboard in Resources */ = {isa = PBXBuildFile; fileRef = AEF35B0F2B59B75D00FFAF5C /* LaunchScreen.storyboard */; };
		AEF35B1F2B59BA6C00FFAF5C /* SegueConstants.swift in Sources */ = {isa = PBXBuildFile; fileRef = AEF35B1E2B59BA6C00FFAF5C /* SegueConstants.swift */; };
		AEF35B212B59BB6700FFAF5C /* ErrorConstants.swift in Sources */ = {isa = PBXBuildFile; fileRef = AEF35B202B59BB6700FFAF5C /* ErrorConstants.swift */; };
		AEF35B232B59BBD000FFAF5C /* RegisterViewController.swift in Sources */ = {isa = PBXBuildFile; fileRef = AEF35B222B59BBD000FFAF5C /* RegisterViewController.swift */; };
		AEF35B252B59BBF100FFAF5C /* SignInViewController.swift in Sources */ = {isa = PBXBuildFile; fileRef = AEF35B242B59BBF100FFAF5C /* SignInViewController.swift */; };
		AEF35B272B59C13F00FFAF5C /* HomeViewController.swift in Sources */ = {isa = PBXBuildFile; fileRef = AEF35B262B59C13F00FFAF5C /* HomeViewController.swift */; };
		AEF35B292B59C30C00FFAF5C /* RegisterViewModel.swift in Sources */ = {isa = PBXBuildFile; fileRef = AEF35B282B59C30C00FFAF5C /* RegisterViewModel.swift */; };
		AEF35B2C2B59C42D00FFAF5C /* BaseProtocols.swift in Sources */ = {isa = PBXBuildFile; fileRef = AEF35B2B2B59C42D00FFAF5C /* BaseProtocols.swift */; };
		AEF35B2F2B59C71600FFAF5C /* RegisterServiceLayer.swift in Sources */ = {isa = PBXBuildFile; fileRef = AEF35B2E2B59C71600FFAF5C /* RegisterServiceLayer.swift */; };
		AEF35B312B59C7B700FFAF5C /* HttpUtility.swift in Sources */ = {isa = PBXBuildFile; fileRef = AEF35B302B59C7B700FFAF5C /* HttpUtility.swift */; };
		AEF35B332B59C8B200FFAF5C /* APIError.swift in Sources */ = {isa = PBXBuildFile; fileRef = AEF35B322B59C8B200FFAF5C /* APIError.swift */; };
		AEF35B362B59CBE900FFAF5C /* RegisterRequest.swift in Sources */ = {isa = PBXBuildFile; fileRef = AEF35B352B59CBE900FFAF5C /* RegisterRequest.swift */; };
		AEF35B382B59CFF000FFAF5C /* RegisterValidation.swift in Sources */ = {isa = PBXBuildFile; fileRef = AEF35B372B59CFF000FFAF5C /* RegisterValidation.swift */; };
		AEF35B3A2B59D08A00FFAF5C /* RegexConstants.swift in Sources */ = {isa = PBXBuildFile; fileRef = AEF35B392B59D08A00FFAF5C /* RegexConstants.swift */; };
		AEF35B3C2B59D56F00FFAF5C /* SignInServiceLayer.swift in Sources */ = {isa = PBXBuildFile; fileRef = AEF35B3B2B59D56F00FFAF5C /* SignInServiceLayer.swift */; };
		AEF35B3E2B59D5E200FFAF5C /* SignInViewModel.swift in Sources */ = {isa = PBXBuildFile; fileRef = AEF35B3D2B59D5E200FFAF5C /* SignInViewModel.swift */; };
		AEF35B412B59D63500FFAF5C /* SignInRequest.swift in Sources */ = {isa = PBXBuildFile; fileRef = AEF35B402B59D63500FFAF5C /* SignInRequest.swift */; };
		AEF35B432B59D64A00FFAF5C /* SignInValidation.swift in Sources */ = {isa = PBXBuildFile; fileRef = AEF35B422B59D64A00FFAF5C /* SignInValidation.swift */; };
		AEF35B452B59DA7B00FFAF5C /* User.swift in Sources */ = {isa = PBXBuildFile; fileRef = AEF35B442B59DA7B00FFAF5C /* User.swift */; };
		AEF35B482B59DB2900FFAF5C /* DatabaseService.swift in Sources */ = {isa = PBXBuildFile; fileRef = AEF35B472B59DB2900FFAF5C /* DatabaseService.swift */; };
		AEF35B4C2B59EB4C00FFAF5C /* GoogleService-Info.plist in Resources */ = {isa = PBXBuildFile; fileRef = AEF35B4B2B59EB4C00FFAF5C /* GoogleService-Info.plist */; };
		AEF35B4F2B59EBC000FFAF5C /* FirebaseAnalytics in Frameworks */ = {isa = PBXBuildFile; productRef = AEF35B4E2B59EBC000FFAF5C /* FirebaseAnalytics */; };
		AEF35B512B59EBC000FFAF5C /* FirebaseAnalyticsOnDeviceConversion in Frameworks */ = {isa = PBXBuildFile; productRef = AEF35B502B59EBC000FFAF5C /* FirebaseAnalyticsOnDeviceConversion */; };
		AEF35B532B59EBC000FFAF5C /* FirebaseAnalyticsSwift in Frameworks */ = {isa = PBXBuildFile; productRef = AEF35B522B59EBC000FFAF5C /* FirebaseAnalyticsSwift */; };
		AEF35B552B59EBC000FFAF5C /* FirebaseAnalyticsWithoutAdIdSupport in Frameworks */ = {isa = PBXBuildFile; productRef = AEF35B542B59EBC000FFAF5C /* FirebaseAnalyticsWithoutAdIdSupport */; };
		AEF35B572B59EBC000FFAF5C /* FirebaseAppCheck in Frameworks */ = {isa = PBXBuildFile; productRef = AEF35B562B59EBC000FFAF5C /* FirebaseAppCheck */; };
		AEF35B592B59EBC000FFAF5C /* FirebaseAppDistribution-Beta in Frameworks */ = {isa = PBXBuildFile; productRef = AEF35B582B59EBC000FFAF5C /* FirebaseAppDistribution-Beta */; };
		AEF35B5B2B59EBC000FFAF5C /* FirebaseAuth in Frameworks */ = {isa = PBXBuildFile; productRef = AEF35B5A2B59EBC000FFAF5C /* FirebaseAuth */; };
		AEF35B5D2B59EBC000FFAF5C /* FirebaseAuthCombine-Community in Frameworks */ = {isa = PBXBuildFile; productRef = AEF35B5C2B59EBC000FFAF5C /* FirebaseAuthCombine-Community */; };
		AEF35B5F2B59EBC000FFAF5C /* FirebaseCrashlytics in Frameworks */ = {isa = PBXBuildFile; productRef = AEF35B5E2B59EBC000FFAF5C /* FirebaseCrashlytics */; };
		AEF35B612B59EBC000FFAF5C /* FirebaseDatabase in Frameworks */ = {isa = PBXBuildFile; productRef = AEF35B602B59EBC000FFAF5C /* FirebaseDatabase */; };
		AEF35B632B59EBC100FFAF5C /* FirebaseDatabaseSwift in Frameworks */ = {isa = PBXBuildFile; productRef = AEF35B622B59EBC100FFAF5C /* FirebaseDatabaseSwift */; };
		AEF35B652B59EBC100FFAF5C /* FirebaseDynamicLinks in Frameworks */ = {isa = PBXBuildFile; productRef = AEF35B642B59EBC100FFAF5C /* FirebaseDynamicLinks */; };
		AEF35B672B59EBC100FFAF5C /* FirebaseFirestore in Frameworks */ = {isa = PBXBuildFile; productRef = AEF35B662B59EBC100FFAF5C /* FirebaseFirestore */; };
		AEF35B692B59EBC100FFAF5C /* FirebaseFirestoreCombine-Community in Frameworks */ = {isa = PBXBuildFile; productRef = AEF35B682B59EBC100FFAF5C /* FirebaseFirestoreCombine-Community */; };
		AEF35B6B2B59EBC100FFAF5C /* FirebaseFirestoreSwift in Frameworks */ = {isa = PBXBuildFile; productRef = AEF35B6A2B59EBC100FFAF5C /* FirebaseFirestoreSwift */; };
		AEF35B6D2B59EBC100FFAF5C /* FirebaseFunctions in Frameworks */ = {isa = PBXBuildFile; productRef = AEF35B6C2B59EBC100FFAF5C /* FirebaseFunctions */; };
		AEF35B6F2B59EBC100FFAF5C /* FirebaseFunctionsCombine-Community in Frameworks */ = {isa = PBXBuildFile; productRef = AEF35B6E2B59EBC100FFAF5C /* FirebaseFunctionsCombine-Community */; };
		AEF35B712B59EBC100FFAF5C /* FirebaseInAppMessaging-Beta in Frameworks */ = {isa = PBXBuildFile; productRef = AEF35B702B59EBC100FFAF5C /* FirebaseInAppMessaging-Beta */; };
		AEF35B732B59EBC100FFAF5C /* FirebaseInAppMessagingSwift-Beta in Frameworks */ = {isa = PBXBuildFile; productRef = AEF35B722B59EBC100FFAF5C /* FirebaseInAppMessagingSwift-Beta */; };
		AEF35B752B59EBC100FFAF5C /* FirebaseInstallations in Frameworks */ = {isa = PBXBuildFile; productRef = AEF35B742B59EBC100FFAF5C /* FirebaseInstallations */; };
		AEF35B772B59EBC100FFAF5C /* FirebaseMLModelDownloader in Frameworks */ = {isa = PBXBuildFile; productRef = AEF35B762B59EBC100FFAF5C /* FirebaseMLModelDownloader */; };
		AEF35B792B59EBC100FFAF5C /* FirebaseMessaging in Frameworks */ = {isa = PBXBuildFile; productRef = AEF35B782B59EBC100FFAF5C /* FirebaseMessaging */; };
		AEF35B7B2B59EBC100FFAF5C /* FirebasePerformance in Frameworks */ = {isa = PBXBuildFile; productRef = AEF35B7A2B59EBC100FFAF5C /* FirebasePerformance */; };
		AEF35B7D2B59EBC100FFAF5C /* FirebaseRemoteConfig in Frameworks */ = {isa = PBXBuildFile; productRef = AEF35B7C2B59EBC100FFAF5C /* FirebaseRemoteConfig */; };
		AEF35B7F2B59EBC100FFAF5C /* FirebaseRemoteConfigSwift in Frameworks */ = {isa = PBXBuildFile; productRef = AEF35B7E2B59EBC100FFAF5C /* FirebaseRemoteConfigSwift */; };
		AEF35B812B59EBC100FFAF5C /* FirebaseStorage in Frameworks */ = {isa = PBXBuildFile; productRef = AEF35B802B59EBC100FFAF5C /* FirebaseStorage */; };
		AEF35B832B59EBC100FFAF5C /* FirebaseStorageCombine-Community in Frameworks */ = {isa = PBXBuildFile; productRef = AEF35B822B59EBC100FFAF5C /* FirebaseStorageCombine-Community */; };
		AEF35B852B59EFDC00FFAF5C /* RegistrationResponse.swift in Sources */ = {isa = PBXBuildFile; fileRef = AEF35B842B59EFDC00FFAF5C /* RegistrationResponse.swift */; };
		AEF35B872B59FBFE00FFAF5C /* SignInResponse.swift in Sources */ = {isa = PBXBuildFile; fileRef = AEF35B862B59FBFE00FFAF5C /* SignInResponse.swift */; };
/* End PBXBuildFile section */

/* Begin PBXContainerItemProxy section */
		AE33BA0B2B609F03008C890A /* PBXContainerItemProxy */ = {
			isa = PBXContainerItemProxy;
			containerPortal = AEF35AF92B59B75C00FFAF5C /* Project object */;
			proxyType = 1;
			remoteGlobalIDString = AEF35B002B59B75C00FFAF5C;
			remoteInfo = UserSession;
		};
/* End PBXContainerItemProxy section */

/* Begin PBXFileReference section */
		AE33BA072B609F03008C890A /* UnitTests.xctest */ = {isa = PBXFileReference; explicitFileType = wrapper.cfbundle; includeInIndex = 0; path = UnitTests.xctest; sourceTree = BUILT_PRODUCTS_DIR; };
		AE33BA092B609F03008C890A /* RegisterValidationUnitTests.swift */ = {isa = PBXFileReference; lastKnownFileType = sourcecode.swift; path = RegisterValidationUnitTests.swift; sourceTree = "<group>"; };
		AE33BA102B60C7EE008C890A /* ValidationResult.swift */ = {isa = PBXFileReference; lastKnownFileType = sourcecode.swift; path = ValidationResult.swift; sourceTree = "<group>"; };
		AE9D74C42B60CE2A001C5C94 /* SignInValidationUnitTests.swift */ = {isa = PBXFileReference; lastKnownFileType = sourcecode.swift; path = SignInValidationUnitTests.swift; sourceTree = "<group>"; };
		AE9D74C72B60D37C001C5C94 /* RegisterMockService.swift */ = {isa = PBXFileReference; lastKnownFileType = sourcecode.swift; path = RegisterMockService.swift; sourceTree = "<group>"; };
		AE9D74C92B60D3A0001C5C94 /* RegisterViewModelTests.swift */ = {isa = PBXFileReference; lastKnownFileType = sourcecode.swift; path = RegisterViewModelTests.swift; sourceTree = "<group>"; };
		AE9D74CB2B60D9FD001C5C94 /* SuccessConstants.swift */ = {isa = PBXFileReference; lastKnownFileType = sourcecode.swift; path = SuccessConstants.swift; sourceTree = "<group>"; };
		AEF35B012B59B75C00FFAF5C /* UserSession.app */ = {isa = PBXFileReference; explicitFileType = wrapper.application; includeInIndex = 0; path = UserSession.app; sourceTree = BUILT_PRODUCTS_DIR; };
		AEF35B042B59B75C00FFAF5C /* AppDelegate.swift */ = {isa = PBXFileReference; lastKnownFileType = sourcecode.swift; path = AppDelegate.swift; sourceTree = "<group>"; };
		AEF35B062B59B75C00FFAF5C /* SceneDelegate.swift */ = {isa = PBXFileReference; lastKnownFileType = sourcecode.swift; path = SceneDelegate.swift; sourceTree = "<group>"; };
		AEF35B082B59B75C00FFAF5C /* LandingPageViewController.swift */ = {isa = PBXFileReference; lastKnownFileType = sourcecode.swift; path = LandingPageViewController.swift; sourceTree = "<group>"; };
		AEF35B0B2B59B75C00FFAF5C /* Base */ = {isa = PBXFileReference; lastKnownFileType = file.storyboard; name = Base; path = Base.lproj/Main.storyboard; sourceTree = "<group>"; };
		AEF35B0D2B59B75D00FFAF5C /* Assets.xcassets */ = {isa = PBXFileReference; lastKnownFileType = folder.assetcatalog; path = Assets.xcassets; sourceTree = "<group>"; };
		AEF35B102B59B75D00FFAF5C /* Base */ = {isa = PBXFileReference; lastKnownFileType = file.storyboard; name = Base; path = Base.lproj/LaunchScreen.storyboard; sourceTree = "<group>"; };
		AEF35B122B59B75D00FFAF5C /* Info.plist */ = {isa = PBXFileReference; lastKnownFileType = text.plist.xml; path = Info.plist; sourceTree = "<group>"; };
		AEF35B1E2B59BA6C00FFAF5C /* SegueConstants.swift */ = {isa = PBXFileReference; lastKnownFileType = sourcecode.swift; path = SegueConstants.swift; sourceTree = "<group>"; };
		AEF35B202B59BB6700FFAF5C /* ErrorConstants.swift */ = {isa = PBXFileReference; lastKnownFileType = sourcecode.swift; path = ErrorConstants.swift; sourceTree = "<group>"; };
		AEF35B222B59BBD000FFAF5C /* RegisterViewController.swift */ = {isa = PBXFileReference; lastKnownFileType = sourcecode.swift; path = RegisterViewController.swift; sourceTree = "<group>"; };
		AEF35B242B59BBF100FFAF5C /* SignInViewController.swift */ = {isa = PBXFileReference; lastKnownFileType = sourcecode.swift; path = SignInViewController.swift; sourceTree = "<group>"; };
		AEF35B262B59C13F00FFAF5C /* HomeViewController.swift */ = {isa = PBXFileReference; lastKnownFileType = sourcecode.swift; path = HomeViewController.swift; sourceTree = "<group>"; };
		AEF35B282B59C30C00FFAF5C /* RegisterViewModel.swift */ = {isa = PBXFileReference; lastKnownFileType = sourcecode.swift; path = RegisterViewModel.swift; sourceTree = "<group>"; };
		AEF35B2B2B59C42D00FFAF5C /* BaseProtocols.swift */ = {isa = PBXFileReference; lastKnownFileType = sourcecode.swift; path = BaseProtocols.swift; sourceTree = "<group>"; };
		AEF35B2E2B59C71600FFAF5C /* RegisterServiceLayer.swift */ = {isa = PBXFileReference; lastKnownFileType = sourcecode.swift; path = RegisterServiceLayer.swift; sourceTree = "<group>"; };
		AEF35B302B59C7B700FFAF5C /* HttpUtility.swift */ = {isa = PBXFileReference; lastKnownFileType = sourcecode.swift; path = HttpUtility.swift; sourceTree = "<group>"; };
		AEF35B322B59C8B200FFAF5C /* APIError.swift */ = {isa = PBXFileReference; lastKnownFileType = sourcecode.swift; path = APIError.swift; sourceTree = "<group>"; };
		AEF35B352B59CBE900FFAF5C /* RegisterRequest.swift */ = {isa = PBXFileReference; lastKnownFileType = sourcecode.swift; path = RegisterRequest.swift; sourceTree = "<group>"; };
		AEF35B372B59CFF000FFAF5C /* RegisterValidation.swift */ = {isa = PBXFileReference; lastKnownFileType = sourcecode.swift; path = RegisterValidation.swift; sourceTree = "<group>"; };
		AEF35B392B59D08A00FFAF5C /* RegexConstants.swift */ = {isa = PBXFileReference; lastKnownFileType = sourcecode.swift; path = RegexConstants.swift; sourceTree = "<group>"; };
		AEF35B3B2B59D56F00FFAF5C /* SignInServiceLayer.swift */ = {isa = PBXFileReference; lastKnownFileType = sourcecode.swift; path = SignInServiceLayer.swift; sourceTree = "<group>"; };
		AEF35B3D2B59D5E200FFAF5C /* SignInViewModel.swift */ = {isa = PBXFileReference; lastKnownFileType = sourcecode.swift; path = SignInViewModel.swift; sourceTree = "<group>"; };
		AEF35B402B59D63500FFAF5C /* SignInRequest.swift */ = {isa = PBXFileReference; lastKnownFileType = sourcecode.swift; path = SignInRequest.swift; sourceTree = "<group>"; };
		AEF35B422B59D64A00FFAF5C /* SignInValidation.swift */ = {isa = PBXFileReference; lastKnownFileType = sourcecode.swift; path = SignInValidation.swift; sourceTree = "<group>"; };
		AEF35B442B59DA7B00FFAF5C /* User.swift */ = {isa = PBXFileReference; lastKnownFileType = sourcecode.swift; path = User.swift; sourceTree = "<group>"; };
		AEF35B472B59DB2900FFAF5C /* DatabaseService.swift */ = {isa = PBXFileReference; lastKnownFileType = sourcecode.swift; path = DatabaseService.swift; sourceTree = "<group>"; };
		AEF35B4B2B59EB4C00FFAF5C /* GoogleService-Info.plist */ = {isa = PBXFileReference; fileEncoding = 4; lastKnownFileType = text.plist.xml; path = "GoogleService-Info.plist"; sourceTree = "<group>"; };
		AEF35B842B59EFDC00FFAF5C /* RegistrationResponse.swift */ = {isa = PBXFileReference; lastKnownFileType = sourcecode.swift; path = RegistrationResponse.swift; sourceTree = "<group>"; };
		AEF35B862B59FBFE00FFAF5C /* SignInResponse.swift */ = {isa = PBXFileReference; lastKnownFileType = sourcecode.swift; path = SignInResponse.swift; sourceTree = "<group>"; };
/* End PBXFileReference section */

/* Begin PBXFrameworksBuildPhase section */
		AE33BA042B609F03008C890A /* Frameworks */ = {
			isa = PBXFrameworksBuildPhase;
			buildActionMask = 2147483647;
			files = (
			);
			runOnlyForDeploymentPostprocessing = 0;
		};
		AEF35AFE2B59B75C00FFAF5C /* Frameworks */ = {
			isa = PBXFrameworksBuildPhase;
			buildActionMask = 2147483647;
			files = (
				AEF35B612B59EBC000FFAF5C /* FirebaseDatabase in Frameworks */,
				AEF35B6F2B59EBC100FFAF5C /* FirebaseFunctionsCombine-Community in Frameworks */,
				AEF35B672B59EBC100FFAF5C /* FirebaseFirestore in Frameworks */,
				AEF35B532B59EBC000FFAF5C /* FirebaseAnalyticsSwift in Frameworks */,
				AEF35B4F2B59EBC000FFAF5C /* FirebaseAnalytics in Frameworks */,
				AEF35B512B59EBC000FFAF5C /* FirebaseAnalyticsOnDeviceConversion in Frameworks */,
				AEF35B772B59EBC100FFAF5C /* FirebaseMLModelDownloader in Frameworks */,
				AEF35B6B2B59EBC100FFAF5C /* FirebaseFirestoreSwift in Frameworks */,
				AEF35B572B59EBC000FFAF5C /* FirebaseAppCheck in Frameworks */,
				AEF35B552B59EBC000FFAF5C /* FirebaseAnalyticsWithoutAdIdSupport in Frameworks */,
				AEF35B5B2B59EBC000FFAF5C /* FirebaseAuth in Frameworks */,
				AEF35B5F2B59EBC000FFAF5C /* FirebaseCrashlytics in Frameworks */,
				AEF35B7F2B59EBC100FFAF5C /* FirebaseRemoteConfigSwift in Frameworks */,
				AEF35B712B59EBC100FFAF5C /* FirebaseInAppMessaging-Beta in Frameworks */,
				AEF35B632B59EBC100FFAF5C /* FirebaseDatabaseSwift in Frameworks */,
				AEF35B6D2B59EBC100FFAF5C /* FirebaseFunctions in Frameworks */,
				AEF35B832B59EBC100FFAF5C /* FirebaseStorageCombine-Community in Frameworks */,
				AEF35B7D2B59EBC100FFAF5C /* FirebaseRemoteConfig in Frameworks */,
				AEF35B592B59EBC000FFAF5C /* FirebaseAppDistribution-Beta in Frameworks */,
				AEF35B5D2B59EBC000FFAF5C /* FirebaseAuthCombine-Community in Frameworks */,
				AEF35B7B2B59EBC100FFAF5C /* FirebasePerformance in Frameworks */,
				AEF35B732B59EBC100FFAF5C /* FirebaseInAppMessagingSwift-Beta in Frameworks */,
				AEF35B812B59EBC100FFAF5C /* FirebaseStorage in Frameworks */,
				AEF35B652B59EBC100FFAF5C /* FirebaseDynamicLinks in Frameworks */,
				AEF35B692B59EBC100FFAF5C /* FirebaseFirestoreCombine-Community in Frameworks */,
				AEF35B792B59EBC100FFAF5C /* FirebaseMessaging in Frameworks */,
				AEF35B752B59EBC100FFAF5C /* FirebaseInstallations in Frameworks */,
			);
			runOnlyForDeploymentPostprocessing = 0;
		};
/* End PBXFrameworksBuildPhase section */

/* Begin PBXGroup section */
		AE33BA082B609F03008C890A /* UnitTests */ = {
			isa = PBXGroup;
			children = (
				AE33BA092B609F03008C890A /* RegisterValidationUnitTests.swift */,
				AE9D74C42B60CE2A001C5C94 /* SignInValidationUnitTests.swift */,
				AE9D74C92B60D3A0001C5C94 /* RegisterViewModelTests.swift */,
			);
			path = UnitTests;
			sourceTree = "<group>";
		};
		AE9D74C62B60D365001C5C94 /* MockService */ = {
			isa = PBXGroup;
			children = (
				AE9D74C72B60D37C001C5C94 /* RegisterMockService.swift */,
			);
			path = MockService;
			sourceTree = "<group>";
		};
		AEF35AF82B59B75C00FFAF5C = {
			isa = PBXGroup;
			children = (
				AEF35B032B59B75C00FFAF5C /* UserSession */,
				AE33BA082B609F03008C890A /* UnitTests */,
				AEF35B022B59B75C00FFAF5C /* Products */,
			);
			sourceTree = "<group>";
		};
		AEF35B022B59B75C00FFAF5C /* Products */ = {
			isa = PBXGroup;
			children = (
				AEF35B012B59B75C00FFAF5C /* UserSession.app */,
				AE33BA072B609F03008C890A /* UnitTests.xctest */,
			);
			name = Products;
			sourceTree = "<group>";
		};
		AEF35B032B59B75C00FFAF5C /* UserSession */ = {
			isa = PBXGroup;
			children = (
				AEF35B4B2B59EB4C00FFAF5C /* GoogleService-Info.plist */,
				AEF35B122B59B75D00FFAF5C /* Info.plist */,
				AEF35B0D2B59B75D00FFAF5C /* Assets.xcassets */,
				AEF35B182B59B80F00FFAF5C /* AppConstants */,
				AEF35B1D2B59B86900FFAF5C /* AppDelegates */,
				AEF35B2A2B59C41500FFAF5C /* CommonUtility */,
				AEF35B1B2B59B82500FFAF5C /* Controllers */,
				AEF35B462B59DB0900FFAF5C /* DataLayer */,
				AE9D74C62B60D365001C5C94 /* MockService */,
				AEF35B1A2B59B82000FFAF5C /* Model */,
				AEF35B1C2B59B84C00FFAF5C /* View */,
				AEF35B192B59B81A00FFAF5C /* ViewModel */,
				AEF35B2D2B59C6F200FFAF5C /* ServiceLayer */,
			);
			path = UserSession;
			sourceTree = "<group>";
		};
		AEF35B182B59B80F00FFAF5C /* AppConstants */ = {
			isa = PBXGroup;
			children = (
				AEF35B1E2B59BA6C00FFAF5C /* SegueConstants.swift */,
				AEF35B202B59BB6700FFAF5C /* ErrorConstants.swift */,
				AEF35B392B59D08A00FFAF5C /* RegexConstants.swift */,
				AE9D74CB2B60D9FD001C5C94 /* SuccessConstants.swift */,
			);
			path = AppConstants;
			sourceTree = "<group>";
		};
		AEF35B192B59B81A00FFAF5C /* ViewModel */ = {
			isa = PBXGroup;
			children = (
				AEF35B282B59C30C00FFAF5C /* RegisterViewModel.swift */,
				AEF35B3D2B59D5E200FFAF5C /* SignInViewModel.swift */,
			);
			path = ViewModel;
			sourceTree = "<group>";
		};
		AEF35B1A2B59B82000FFAF5C /* Model */ = {
			isa = PBXGroup;
			children = (
				AEF35B3F2B59D62900FFAF5C /* SignIn */,
				AEF35B342B59CBDE00FFAF5C /* Register */,
				AEF35B442B59DA7B00FFAF5C /* User.swift */,
				AE33BA102B60C7EE008C890A /* ValidationResult.swift */,
			);
			path = Model;
			sourceTree = "<group>";
		};
		AEF35B1B2B59B82500FFAF5C /* Controllers */ = {
			isa = PBXGroup;
			children = (
				AEF35B082B59B75C00FFAF5C /* LandingPageViewController.swift */,
				AEF35B222B59BBD000FFAF5C /* RegisterViewController.swift */,
				AEF35B242B59BBF100FFAF5C /* SignInViewController.swift */,
				AEF35B262B59C13F00FFAF5C /* HomeViewController.swift */,
			);
			path = Controllers;
			sourceTree = "<group>";
		};
		AEF35B1C2B59B84C00FFAF5C /* View */ = {
			isa = PBXGroup;
			children = (
				AEF35B0F2B59B75D00FFAF5C /* LaunchScreen.storyboard */,
				AEF35B0A2B59B75C00FFAF5C /* Main.storyboard */,
			);
			path = View;
			sourceTree = "<group>";
		};
		AEF35B1D2B59B86900FFAF5C /* AppDelegates */ = {
			isa = PBXGroup;
			children = (
				AEF35B042B59B75C00FFAF5C /* AppDelegate.swift */,
				AEF35B062B59B75C00FFAF5C /* SceneDelegate.swift */,
			);
			path = AppDelegates;
			sourceTree = "<group>";
		};
		AEF35B2A2B59C41500FFAF5C /* CommonUtility */ = {
			isa = PBXGroup;
			children = (
				AEF35B2B2B59C42D00FFAF5C /* BaseProtocols.swift */,
				AEF35B302B59C7B700FFAF5C /* HttpUtility.swift */,
				AEF35B322B59C8B200FFAF5C /* APIError.swift */,
			);
			path = CommonUtility;
			sourceTree = "<group>";
		};
		AEF35B2D2B59C6F200FFAF5C /* ServiceLayer */ = {
			isa = PBXGroup;
			children = (
				AEF35B2E2B59C71600FFAF5C /* RegisterServiceLayer.swift */,
				AEF35B3B2B59D56F00FFAF5C /* SignInServiceLayer.swift */,
			);
			path = ServiceLayer;
			sourceTree = "<group>";
		};
		AEF35B342B59CBDE00FFAF5C /* Register */ = {
			isa = PBXGroup;
			children = (
				AEF35B352B59CBE900FFAF5C /* RegisterRequest.swift */,
				AEF35B372B59CFF000FFAF5C /* RegisterValidation.swift */,
				AEF35B842B59EFDC00FFAF5C /* RegistrationResponse.swift */,
			);
			path = Register;
			sourceTree = "<group>";
		};
		AEF35B3F2B59D62900FFAF5C /* SignIn */ = {
			isa = PBXGroup;
			children = (
				AEF35B402B59D63500FFAF5C /* SignInRequest.swift */,
				AEF35B422B59D64A00FFAF5C /* SignInValidation.swift */,
				AEF35B862B59FBFE00FFAF5C /* SignInResponse.swift */,
			);
			path = SignIn;
			sourceTree = "<group>";
		};
		AEF35B462B59DB0900FFAF5C /* DataLayer */ = {
			isa = PBXGroup;
			children = (
				AEF35B472B59DB2900FFAF5C /* DatabaseService.swift */,
			);
			path = DataLayer;
			sourceTree = "<group>";
		};
/* End PBXGroup section */

/* Begin PBXNativeTarget section */
		AE33BA062B609F03008C890A /* UnitTests */ = {
			isa = PBXNativeTarget;
			buildConfigurationList = AE33BA0F2B609F03008C890A /* Build configuration list for PBXNativeTarget "UnitTests" */;
			buildPhases = (
				AE33BA032B609F03008C890A /* Sources */,
				AE33BA042B609F03008C890A /* Frameworks */,
				AE33BA052B609F03008C890A /* Resources */,
			);
			buildRules = (
			);
			dependencies = (
				AE33BA0C2B609F03008C890A /* PBXTargetDependency */,
			);
			name = UnitTests;
			productName = UnitTests;
			productReference = AE33BA072B609F03008C890A /* UnitTests.xctest */;
			productType = "com.apple.product-type.bundle.unit-test";
		};
		AEF35B002B59B75C00FFAF5C /* UserSession */ = {
			isa = PBXNativeTarget;
			buildConfigurationList = AEF35B152B59B75D00FFAF5C /* Build configuration list for PBXNativeTarget "UserSession" */;
			buildPhases = (
				AEF35AFD2B59B75C00FFAF5C /* Sources */,
				AEF35AFE2B59B75C00FFAF5C /* Frameworks */,
				AEF35AFF2B59B75C00FFAF5C /* Resources */,
			);
			buildRules = (
			);
			dependencies = (
			);
			name = UserSession;
			packageProductDependencies = (
				AEF35B4E2B59EBC000FFAF5C /* FirebaseAnalytics */,
				AEF35B502B59EBC000FFAF5C /* FirebaseAnalyticsOnDeviceConversion */,
				AEF35B522B59EBC000FFAF5C /* FirebaseAnalyticsSwift */,
				AEF35B542B59EBC000FFAF5C /* FirebaseAnalyticsWithoutAdIdSupport */,
				AEF35B562B59EBC000FFAF5C /* FirebaseAppCheck */,
				AEF35B582B59EBC000FFAF5C /* FirebaseAppDistribution-Beta */,
				AEF35B5A2B59EBC000FFAF5C /* FirebaseAuth */,
				AEF35B5C2B59EBC000FFAF5C /* FirebaseAuthCombine-Community */,
				AEF35B5E2B59EBC000FFAF5C /* FirebaseCrashlytics */,
				AEF35B602B59EBC000FFAF5C /* FirebaseDatabase */,
				AEF35B622B59EBC100FFAF5C /* FirebaseDatabaseSwift */,
				AEF35B642B59EBC100FFAF5C /* FirebaseDynamicLinks */,
				AEF35B662B59EBC100FFAF5C /* FirebaseFirestore */,
				AEF35B682B59EBC100FFAF5C /* FirebaseFirestoreCombine-Community */,
				AEF35B6A2B59EBC100FFAF5C /* FirebaseFirestoreSwift */,
				AEF35B6C2B59EBC100FFAF5C /* FirebaseFunctions */,
				AEF35B6E2B59EBC100FFAF5C /* FirebaseFunctionsCombine-Community */,
				AEF35B702B59EBC100FFAF5C /* FirebaseInAppMessaging-Beta */,
				AEF35B722B59EBC100FFAF5C /* FirebaseInAppMessagingSwift-Beta */,
				AEF35B742B59EBC100FFAF5C /* FirebaseInstallations */,
				AEF35B762B59EBC100FFAF5C /* FirebaseMLModelDownloader */,
				AEF35B782B59EBC100FFAF5C /* FirebaseMessaging */,
				AEF35B7A2B59EBC100FFAF5C /* FirebasePerformance */,
				AEF35B7C2B59EBC100FFAF5C /* FirebaseRemoteConfig */,
				AEF35B7E2B59EBC100FFAF5C /* FirebaseRemoteConfigSwift */,
				AEF35B802B59EBC100FFAF5C /* FirebaseStorage */,
				AEF35B822B59EBC100FFAF5C /* FirebaseStorageCombine-Community */,
			);
			productName = UserSession;
			productReference = AEF35B012B59B75C00FFAF5C /* UserSession.app */;
			productType = "com.apple.product-type.application";
		};
/* End PBXNativeTarget section */

/* Begin PBXProject section */
		AEF35AF92B59B75C00FFAF5C /* Project object */ = {
			isa = PBXProject;
			attributes = {
				BuildIndependentTargetsInParallel = 1;
				LastSwiftUpdateCheck = 1520;
				LastUpgradeCheck = 1520;
				TargetAttributes = {
					AE33BA062B609F03008C890A = {
						CreatedOnToolsVersion = 15.2;
						TestTargetID = AEF35B002B59B75C00FFAF5C;
					};
					AEF35B002B59B75C00FFAF5C = {
						CreatedOnToolsVersion = 15.2;
					};
				};
			};
			buildConfigurationList = AEF35AFC2B59B75C00FFAF5C /* Build configuration list for PBXProject "UserSession" */;
			compatibilityVersion = "Xcode 14.0";
			developmentRegion = en;
			hasScannedForEncodings = 0;
			knownRegions = (
				en,
				Base,
			);
			mainGroup = AEF35AF82B59B75C00FFAF5C;
			packageReferences = (
				AEF35B4D2B59EBC000FFAF5C /* XCRemoteSwiftPackageReference "firebase-ios-sdk" */,
			);
			productRefGroup = AEF35B022B59B75C00FFAF5C /* Products */;
			projectDirPath = "";
			projectRoot = "";
			targets = (
				AEF35B002B59B75C00FFAF5C /* UserSession */,
				AE33BA062B609F03008C890A /* UnitTests */,
			);
		};
/* End PBXProject section */

/* Begin PBXResourcesBuildPhase section */
		AE33BA052B609F03008C890A /* Resources */ = {
			isa = PBXResourcesBuildPhase;
			buildActionMask = 2147483647;
			files = (
			);
			runOnlyForDeploymentPostprocessing = 0;
		};
		AEF35AFF2B59B75C00FFAF5C /* Resources */ = {
			isa = PBXResourcesBuildPhase;
			buildActionMask = 2147483647;
			files = (
				AEF35B4C2B59EB4C00FFAF5C /* GoogleService-Info.plist in Resources */,
				AEF35B112B59B75D00FFAF5C /* LaunchScreen.storyboard in Resources */,
				AEF35B0E2B59B75D00FFAF5C /* Assets.xcassets in Resources */,
				AEF35B0C2B59B75C00FFAF5C /* Main.storyboard in Resources */,
			);
			runOnlyForDeploymentPostprocessing = 0;
		};
/* End PBXResourcesBuildPhase section */

/* Begin PBXSourcesBuildPhase section */
		AE33BA032B609F03008C890A /* Sources */ = {
			isa = PBXSourcesBuildPhase;
			buildActionMask = 2147483647;
			files = (
				AE9D74CA2B60D3A0001C5C94 /* RegisterViewModelTests.swift in Sources */,
				AE9D74C52B60CE2A001C5C94 /* SignInValidationUnitTests.swift in Sources */,
				AE33BA0A2B609F03008C890A /* RegisterValidationUnitTests.swift in Sources */,
			);
			runOnlyForDeploymentPostprocessing = 0;
		};
		AEF35AFD2B59B75C00FFAF5C /* Sources */ = {
			isa = PBXSourcesBuildPhase;
			buildActionMask = 2147483647;
			files = (
				AEF35B312B59C7B700FFAF5C /* HttpUtility.swift in Sources */,
				AEF35B252B59BBF100FFAF5C /* SignInViewController.swift in Sources */,
				AE9D74C82B60D37C001C5C94 /* RegisterMockService.swift in Sources */,
				AEF35B212B59BB6700FFAF5C /* ErrorConstants.swift in Sources */,
				AEF35B2F2B59C71600FFAF5C /* RegisterServiceLayer.swift in Sources */,
				AEF35B362B59CBE900FFAF5C /* RegisterRequest.swift in Sources */,
				AEF35B092B59B75C00FFAF5C /* LandingPageViewController.swift in Sources */,
				AEF35B872B59FBFE00FFAF5C /* SignInResponse.swift in Sources */,
				AEF35B272B59C13F00FFAF5C /* HomeViewController.swift in Sources */,
				AEF35B3A2B59D08A00FFAF5C /* RegexConstants.swift in Sources */,
				AEF35B2C2B59C42D00FFAF5C /* BaseProtocols.swift in Sources */,
				AEF35B382B59CFF000FFAF5C /* RegisterValidation.swift in Sources */,
				AEF35B482B59DB2900FFAF5C /* DatabaseService.swift in Sources */,
				AEF35B1F2B59BA6C00FFAF5C /* SegueConstants.swift in Sources */,
				AE33BA112B60C7EE008C890A /* ValidationResult.swift in Sources */,
				AEF35B3C2B59D56F00FFAF5C /* SignInServiceLayer.swift in Sources */,
				AEF35B432B59D64A00FFAF5C /* SignInValidation.swift in Sources */,
				AEF35B232B59BBD000FFAF5C /* RegisterViewController.swift in Sources */,
				AEF35B852B59EFDC00FFAF5C /* RegistrationResponse.swift in Sources */,
				AEF35B052B59B75C00FFAF5C /* AppDelegate.swift in Sources */,
				AE9D74CC2B60D9FD001C5C94 /* SuccessConstants.swift in Sources */,
				AEF35B3E2B59D5E200FFAF5C /* SignInViewModel.swift in Sources */,
				AEF35B292B59C30C00FFAF5C /* RegisterViewModel.swift in Sources */,
				AEF35B412B59D63500FFAF5C /* SignInRequest.swift in Sources */,
				AEF35B072B59B75C00FFAF5C /* SceneDelegate.swift in Sources */,
				AEF35B332B59C8B200FFAF5C /* APIError.swift in Sources */,
				AEF35B452B59DA7B00FFAF5C /* User.swift in Sources */,
			);
			runOnlyForDeploymentPostprocessing = 0;
		};
/* End PBXSourcesBuildPhase section */

/* Begin PBXTargetDependency section */
		AE33BA0C2B609F03008C890A /* PBXTargetDependency */ = {
			isa = PBXTargetDependency;
			target = AEF35B002B59B75C00FFAF5C /* UserSession */;
			targetProxy = AE33BA0B2B609F03008C890A /* PBXContainerItemProxy */;
		};
/* End PBXTargetDependency section */

/* Begin PBXVariantGroup section */
		AEF35B0A2B59B75C00FFAF5C /* Main.storyboard */ = {
			isa = PBXVariantGroup;
			children = (
				AEF35B0B2B59B75C00FFAF5C /* Base */,
			);
			name = Main.storyboard;
			sourceTree = "<group>";
		};
		AEF35B0F2B59B75D00FFAF5C /* LaunchScreen.storyboard */ = {
			isa = PBXVariantGroup;
			children = (
				AEF35B102B59B75D00FFAF5C /* Base */,
			);
			name = LaunchScreen.storyboard;
			sourceTree = "<group>";
		};
/* End PBXVariantGroup section */

/* Begin XCBuildConfiguration section */
		AE33BA0D2B609F03008C890A /* Debug */ = {
			isa = XCBuildConfiguration;
			buildSettings = {
				BUNDLE_LOADER = "$(TEST_HOST)";
				CODE_SIGN_STYLE = Automatic;
				CURRENT_PROJECT_VERSION = 1;
				DEVELOPMENT_TEAM = XWAT7T2QCR;
				GENERATE_INFOPLIST_FILE = YES;
				MARKETING_VERSION = 1.0;
				PRODUCT_BUNDLE_IDENTIFIER = com.erikblanco.UnitTests;
				PRODUCT_NAME = "$(TARGET_NAME)";
				SWIFT_EMIT_LOC_STRINGS = NO;
				SWIFT_VERSION = 5.0;
				TARGETED_DEVICE_FAMILY = "1,2";
				TEST_HOST = "$(BUILT_PRODUCTS_DIR)/UserSession.app/$(BUNDLE_EXECUTABLE_FOLDER_PATH)/UserSession";
			};
			name = Debug;
		};
		AE33BA0E2B609F03008C890A /* Release */ = {
			isa = XCBuildConfiguration;
			buildSettings = {
				BUNDLE_LOADER = "$(TEST_HOST)";
				CODE_SIGN_STYLE = Automatic;
				CURRENT_PROJECT_VERSION = 1;
				DEVELOPMENT_TEAM = XWAT7T2QCR;
				GENERATE_INFOPLIST_FILE = YES;
				MARKETING_VERSION = 1.0;
				PRODUCT_BUNDLE_IDENTIFIER = com.erikblanco.UnitTests;
				PRODUCT_NAME = "$(TARGET_NAME)";
				SWIFT_EMIT_LOC_STRINGS = NO;
				SWIFT_VERSION = 5.0;
				TARGETED_DEVICE_FAMILY = "1,2";
				TEST_HOST = "$(BUILT_PRODUCTS_DIR)/UserSession.app/$(BUNDLE_EXECUTABLE_FOLDER_PATH)/UserSession";
			};
			name = Release;
		};
		AEF35B132B59B75D00FFAF5C /* Debug */ = {
			isa = XCBuildConfiguration;
			buildSettings = {
				ALWAYS_SEARCH_USER_PATHS = NO;
				ASSETCATALOG_COMPILER_GENERATE_SWIFT_ASSET_SYMBOL_EXTENSIONS = YES;
				CLANG_ANALYZER_NONNULL = YES;
				CLANG_ANALYZER_NUMBER_OBJECT_CONVERSION = YES_AGGRESSIVE;
				CLANG_CXX_LANGUAGE_STANDARD = "gnu++20";
				CLANG_ENABLE_MODULES = YES;
				CLANG_ENABLE_OBJC_ARC = YES;
				CLANG_ENABLE_OBJC_WEAK = YES;
				CLANG_WARN_BLOCK_CAPTURE_AUTORELEASING = YES;
				CLANG_WARN_BOOL_CONVERSION = YES;
				CLANG_WARN_COMMA = YES;
				CLANG_WARN_CONSTANT_CONVERSION = YES;
				CLANG_WARN_DEPRECATED_OBJC_IMPLEMENTATIONS = YES;
				CLANG_WARN_DIRECT_OBJC_ISA_USAGE = YES_ERROR;
				CLANG_WARN_DOCUMENTATION_COMMENTS = YES;
				CLANG_WARN_EMPTY_BODY = YES;
				CLANG_WARN_ENUM_CONVERSION = YES;
				CLANG_WARN_INFINITE_RECURSION = YES;
				CLANG_WARN_INT_CONVERSION = YES;
				CLANG_WARN_NON_LITERAL_NULL_CONVERSION = YES;
				CLANG_WARN_OBJC_IMPLICIT_RETAIN_SELF = YES;
				CLANG_WARN_OBJC_LITERAL_CONVERSION = YES;
				CLANG_WARN_OBJC_ROOT_CLASS = YES_ERROR;
				CLANG_WARN_QUOTED_INCLUDE_IN_FRAMEWORK_HEADER = YES;
				CLANG_WARN_RANGE_LOOP_ANALYSIS = YES;
				CLANG_WARN_STRICT_PROTOTYPES = YES;
				CLANG_WARN_SUSPICIOUS_MOVE = YES;
				CLANG_WARN_UNGUARDED_AVAILABILITY = YES_AGGRESSIVE;
				CLANG_WARN_UNREACHABLE_CODE = YES;
				CLANG_WARN__DUPLICATE_METHOD_MATCH = YES;
				COPY_PHASE_STRIP = NO;
				DEBUG_INFORMATION_FORMAT = dwarf;
				ENABLE_STRICT_OBJC_MSGSEND = YES;
				ENABLE_TESTABILITY = YES;
				ENABLE_USER_SCRIPT_SANDBOXING = YES;
				GCC_C_LANGUAGE_STANDARD = gnu17;
				GCC_DYNAMIC_NO_PIC = NO;
				GCC_NO_COMMON_BLOCKS = YES;
				GCC_OPTIMIZATION_LEVEL = 0;
				GCC_PREPROCESSOR_DEFINITIONS = (
					"DEBUG=1",
					"$(inherited)",
				);
				GCC_WARN_64_TO_32_BIT_CONVERSION = YES;
				GCC_WARN_ABOUT_RETURN_TYPE = YES_ERROR;
				GCC_WARN_UNDECLARED_SELECTOR = YES;
				GCC_WARN_UNINITIALIZED_AUTOS = YES_AGGRESSIVE;
				GCC_WARN_UNUSED_FUNCTION = YES;
				GCC_WARN_UNUSED_VARIABLE = YES;
				IPHONEOS_DEPLOYMENT_TARGET = 17.2;
				LOCALIZATION_PREFERS_STRING_CATALOGS = YES;
				MTL_ENABLE_DEBUG_INFO = INCLUDE_SOURCE;
				MTL_FAST_MATH = YES;
				ONLY_ACTIVE_ARCH = YES;
				SDKROOT = iphoneos;
				SWIFT_ACTIVE_COMPILATION_CONDITIONS = "DEBUG $(inherited)";
				SWIFT_OPTIMIZATION_LEVEL = "-Onone";
			};
			name = Debug;
		};
		AEF35B142B59B75D00FFAF5C /* Release */ = {
			isa = XCBuildConfiguration;
			buildSettings = {
				ALWAYS_SEARCH_USER_PATHS = NO;
				ASSETCATALOG_COMPILER_GENERATE_SWIFT_ASSET_SYMBOL_EXTENSIONS = YES;
				CLANG_ANALYZER_NONNULL = YES;
				CLANG_ANALYZER_NUMBER_OBJECT_CONVERSION = YES_AGGRESSIVE;
				CLANG_CXX_LANGUAGE_STANDARD = "gnu++20";
				CLANG_ENABLE_MODULES = YES;
				CLANG_ENABLE_OBJC_ARC = YES;
				CLANG_ENABLE_OBJC_WEAK = YES;
				CLANG_WARN_BLOCK_CAPTURE_AUTORELEASING = YES;
				CLANG_WARN_BOOL_CONVERSION = YES;
				CLANG_WARN_COMMA = YES;
				CLANG_WARN_CONSTANT_CONVERSION = YES;
				CLANG_WARN_DEPRECATED_OBJC_IMPLEMENTATIONS = YES;
				CLANG_WARN_DIRECT_OBJC_ISA_USAGE = YES_ERROR;
				CLANG_WARN_DOCUMENTATION_COMMENTS = YES;
				CLANG_WARN_EMPTY_BODY = YES;
				CLANG_WARN_ENUM_CONVERSION = YES;
				CLANG_WARN_INFINITE_RECURSION = YES;
				CLANG_WARN_INT_CONVERSION = YES;
				CLANG_WARN_NON_LITERAL_NULL_CONVERSION = YES;
				CLANG_WARN_OBJC_IMPLICIT_RETAIN_SELF = YES;
				CLANG_WARN_OBJC_LITERAL_CONVERSION = YES;
				CLANG_WARN_OBJC_ROOT_CLASS = YES_ERROR;
				CLANG_WARN_QUOTED_INCLUDE_IN_FRAMEWORK_HEADER = YES;
				CLANG_WARN_RANGE_LOOP_ANALYSIS = YES;
				CLANG_WARN_STRICT_PROTOTYPES = YES;
				CLANG_WARN_SUSPICIOUS_MOVE = YES;
				CLANG_WARN_UNGUARDED_AVAILABILITY = YES_AGGRESSIVE;
				CLANG_WARN_UNREACHABLE_CODE = YES;
				CLANG_WARN__DUPLICATE_METHOD_MATCH = YES;
				COPY_PHASE_STRIP = NO;
				DEBUG_INFORMATION_FORMAT = "dwarf-with-dsym";
				ENABLE_NS_ASSERTIONS = NO;
				ENABLE_STRICT_OBJC_MSGSEND = YES;
				ENABLE_USER_SCRIPT_SANDBOXING = YES;
				GCC_C_LANGUAGE_STANDARD = gnu17;
				GCC_NO_COMMON_BLOCKS = YES;
				GCC_WARN_64_TO_32_BIT_CONVERSION = YES;
				GCC_WARN_ABOUT_RETURN_TYPE = YES_ERROR;
				GCC_WARN_UNDECLARED_SELECTOR = YES;
				GCC_WARN_UNINITIALIZED_AUTOS = YES_AGGRESSIVE;
				GCC_WARN_UNUSED_FUNCTION = YES;
				GCC_WARN_UNUSED_VARIABLE = YES;
				IPHONEOS_DEPLOYMENT_TARGET = 17.2;
				LOCALIZATION_PREFERS_STRING_CATALOGS = YES;
				MTL_ENABLE_DEBUG_INFO = NO;
				MTL_FAST_MATH = YES;
				SDKROOT = iphoneos;
				SWIFT_COMPILATION_MODE = wholemodule;
				VALIDATE_PRODUCT = YES;
			};
			name = Release;
		};
		AEF35B162B59B75D00FFAF5C /* Debug */ = {
			isa = XCBuildConfiguration;
			buildSettings = {
				ASSETCATALOG_COMPILER_APPICON_NAME = AppIcon;
				ASSETCATALOG_COMPILER_GLOBAL_ACCENT_COLOR_NAME = AccentColor;
				CODE_SIGN_STYLE = Automatic;
				CURRENT_PROJECT_VERSION = 1;
				DEVELOPMENT_TEAM = XWAT7T2QCR;
				GENERATE_INFOPLIST_FILE = YES;
				INFOPLIST_FILE = UserSession/Info.plist;
				INFOPLIST_KEY_UIApplicationSupportsIndirectInputEvents = YES;
				INFOPLIST_KEY_UILaunchStoryboardName = LaunchScreen;
				INFOPLIST_KEY_UIMainStoryboardFile = Main;
				INFOPLIST_KEY_UISupportedInterfaceOrientations_iPad = "UIInterfaceOrientationPortrait UIInterfaceOrientationPortraitUpsideDown UIInterfaceOrientationLandscapeLeft UIInterfaceOrientationLandscapeRight";
				INFOPLIST_KEY_UISupportedInterfaceOrientations_iPhone = "UIInterfaceOrientationPortrait UIInterfaceOrientationLandscapeLeft UIInterfaceOrientationLandscapeRight";
				LD_RUNPATH_SEARCH_PATHS = (
					"$(inherited)",
					"@executable_path/Frameworks",
				);
				MARKETING_VERSION = 1.0;
				PRODUCT_BUNDLE_IDENTIFIER = com.erikblanco.UserSession;
				PRODUCT_NAME = "$(TARGET_NAME)";
				SWIFT_EMIT_LOC_STRINGS = YES;
				SWIFT_VERSION = 5.0;
				TARGETED_DEVICE_FAMILY = "1,2";
			};
			name = Debug;
		};
		AEF35B172B59B75D00FFAF5C /* Release */ = {
			isa = XCBuildConfiguration;
			buildSettings = {
				ASSETCATALOG_COMPILER_APPICON_NAME = AppIcon;
				ASSETCATALOG_COMPILER_GLOBAL_ACCENT_COLOR_NAME = AccentColor;
				CODE_SIGN_STYLE = Automatic;
				CURRENT_PROJECT_VERSION = 1;
				DEVELOPMENT_TEAM = XWAT7T2QCR;
				GENERATE_INFOPLIST_FILE = YES;
				INFOPLIST_FILE = UserSession/Info.plist;
				INFOPLIST_KEY_UIApplicationSupportsIndirectInputEvents = YES;
				INFOPLIST_KEY_UILaunchStoryboardName = LaunchScreen;
				INFOPLIST_KEY_UIMainStoryboardFile = Main;
				INFOPLIST_KEY_UISupportedInterfaceOrientations_iPad = "UIInterfaceOrientationPortrait UIInterfaceOrientationPortraitUpsideDown UIInterfaceOrientationLandscapeLeft UIInterfaceOrientationLandscapeRight";
				INFOPLIST_KEY_UISupportedInterfaceOrientations_iPhone = "UIInterfaceOrientationPortrait UIInterfaceOrientationLandscapeLeft UIInterfaceOrientationLandscapeRight";
				LD_RUNPATH_SEARCH_PATHS = (
					"$(inherited)",
					"@executable_path/Frameworks",
				);
				MARKETING_VERSION = 1.0;
				PRODUCT_BUNDLE_IDENTIFIER = com.erikblanco.UserSession;
				PRODUCT_NAME = "$(TARGET_NAME)";
				SWIFT_EMIT_LOC_STRINGS = YES;
				SWIFT_VERSION = 5.0;
				TARGETED_DEVICE_FAMILY = "1,2";
			};
			name = Release;
		};
/* End XCBuildConfiguration section */

/* Begin XCConfigurationList section */
		AE33BA0F2B609F03008C890A /* Build configuration list for PBXNativeTarget "UnitTests" */ = {
			isa = XCConfigurationList;
			buildConfigurations = (
				AE33BA0D2B609F03008C890A /* Debug */,
				AE33BA0E2B609F03008C890A /* Release */,
			);
			defaultConfigurationIsVisible = 0;
			defaultConfigurationName = Release;
		};
		AEF35AFC2B59B75C00FFAF5C /* Build configuration list for PBXProject "UserSession" */ = {
			isa = XCConfigurationList;
			buildConfigurations = (
				AEF35B132B59B75D00FFAF5C /* Debug */,
				AEF35B142B59B75D00FFAF5C /* Release */,
			);
			defaultConfigurationIsVisible = 0;
			defaultConfigurationName = Release;
		};
		AEF35B152B59B75D00FFAF5C /* Build configuration list for PBXNativeTarget "UserSession" */ = {
			isa = XCConfigurationList;
			buildConfigurations = (
				AEF35B162B59B75D00FFAF5C /* Debug */,
				AEF35B172B59B75D00FFAF5C /* Release */,
			);
			defaultConfigurationIsVisible = 0;
			defaultConfigurationName = Release;
		};
/* End XCConfigurationList section */

/* Begin XCRemoteSwiftPackageReference section */
		AEF35B4D2B59EBC000FFAF5C /* XCRemoteSwiftPackageReference "firebase-ios-sdk" */ = {
			isa = XCRemoteSwiftPackageReference;
			repositoryURL = "https://github.com/firebase/firebase-ios-sdk";
			requirement = {
				kind = upToNextMajorVersion;
				minimumVersion = 10.20.0;
			};
		};
/* End XCRemoteSwiftPackageReference section */

/* Begin XCSwiftPackageProductDependency section */
		AEF35B4E2B59EBC000FFAF5C /* FirebaseAnalytics */ = {
			isa = XCSwiftPackageProductDependency;
			package = AEF35B4D2B59EBC000FFAF5C /* XCRemoteSwiftPackageReference "firebase-ios-sdk" */;
			productName = FirebaseAnalytics;
		};
		AEF35B502B59EBC000FFAF5C /* FirebaseAnalyticsOnDeviceConversion */ = {
			isa = XCSwiftPackageProductDependency;
			package = AEF35B4D2B59EBC000FFAF5C /* XCRemoteSwiftPackageReference "firebase-ios-sdk" */;
			productName = FirebaseAnalyticsOnDeviceConversion;
		};
		AEF35B522B59EBC000FFAF5C /* FirebaseAnalyticsSwift */ = {
			isa = XCSwiftPackageProductDependency;
			package = AEF35B4D2B59EBC000FFAF5C /* XCRemoteSwiftPackageReference "firebase-ios-sdk" */;
			productName = FirebaseAnalyticsSwift;
		};
		AEF35B542B59EBC000FFAF5C /* FirebaseAnalyticsWithoutAdIdSupport */ = {
			isa = XCSwiftPackageProductDependency;
			package = AEF35B4D2B59EBC000FFAF5C /* XCRemoteSwiftPackageReference "firebase-ios-sdk" */;
			productName = FirebaseAnalyticsWithoutAdIdSupport;
		};
		AEF35B562B59EBC000FFAF5C /* FirebaseAppCheck */ = {
			isa = XCSwiftPackageProductDependency;
			package = AEF35B4D2B59EBC000FFAF5C /* XCRemoteSwiftPackageReference "firebase-ios-sdk" */;
			productName = FirebaseAppCheck;
		};
		AEF35B582B59EBC000FFAF5C /* FirebaseAppDistribution-Beta */ = {
			isa = XCSwiftPackageProductDependency;
			package = AEF35B4D2B59EBC000FFAF5C /* XCRemoteSwiftPackageReference "firebase-ios-sdk" */;
			productName = "FirebaseAppDistribution-Beta";
		};
		AEF35B5A2B59EBC000FFAF5C /* FirebaseAuth */ = {
			isa = XCSwiftPackageProductDependency;
			package = AEF35B4D2B59EBC000FFAF5C /* XCRemoteSwiftPackageReference "firebase-ios-sdk" */;
			productName = FirebaseAuth;
		};
		AEF35B5C2B59EBC000FFAF5C /* FirebaseAuthCombine-Community */ = {
			isa = XCSwiftPackageProductDependency;
			package = AEF35B4D2B59EBC000FFAF5C /* XCRemoteSwiftPackageReference "firebase-ios-sdk" */;
			productName = "FirebaseAuthCombine-Community";
		};
		AEF35B5E2B59EBC000FFAF5C /* FirebaseCrashlytics */ = {
			isa = XCSwiftPackageProductDependency;
			package = AEF35B4D2B59EBC000FFAF5C /* XCRemoteSwiftPackageReference "firebase-ios-sdk" */;
			productName = FirebaseCrashlytics;
		};
		AEF35B602B59EBC000FFAF5C /* FirebaseDatabase */ = {
			isa = XCSwiftPackageProductDependency;
			package = AEF35B4D2B59EBC000FFAF5C /* XCRemoteSwiftPackageReference "firebase-ios-sdk" */;
			productName = FirebaseDatabase;
		};
		AEF35B622B59EBC100FFAF5C /* FirebaseDatabaseSwift */ = {
			isa = XCSwiftPackageProductDependency;
			package = AEF35B4D2B59EBC000FFAF5C /* XCRemoteSwiftPackageReference "firebase-ios-sdk" */;
			productName = FirebaseDatabaseSwift;
		};
		AEF35B642B59EBC100FFAF5C /* FirebaseDynamicLinks */ = {
			isa = XCSwiftPackageProductDependency;
			package = AEF35B4D2B59EBC000FFAF5C /* XCRemoteSwiftPackageReference "firebase-ios-sdk" */;
			productName = FirebaseDynamicLinks;
		};
		AEF35B662B59EBC100FFAF5C /* FirebaseFirestore */ = {
			isa = XCSwiftPackageProductDependency;
			package = AEF35B4D2B59EBC000FFAF5C /* XCRemoteSwiftPackageReference "firebase-ios-sdk" */;
			productName = FirebaseFirestore;
		};
		AEF35B682B59EBC100FFAF5C /* FirebaseFirestoreCombine-Community */ = {
			isa = XCSwiftPackageProductDependency;
			package = AEF35B4D2B59EBC000FFAF5C /* XCRemoteSwiftPackageReference "firebase-ios-sdk" */;
			productName = "FirebaseFirestoreCombine-Community";
		};
		AEF35B6A2B59EBC100FFAF5C /* FirebaseFirestoreSwift */ = {
			isa = XCSwiftPackageProductDependency;
			package = AEF35B4D2B59EBC000FFAF5C /* XCRemoteSwiftPackageReference "firebase-ios-sdk" */;
			productName = FirebaseFirestoreSwift;
		};
		AEF35B6C2B59EBC100FFAF5C /* FirebaseFunctions */ = {
			isa = XCSwiftPackageProductDependency;
			package = AEF35B4D2B59EBC000FFAF5C /* XCRemoteSwiftPackageReference "firebase-ios-sdk" */;
			productName = FirebaseFunctions;
		};
		AEF35B6E2B59EBC100FFAF5C /* FirebaseFunctionsCombine-Community */ = {
			isa = XCSwiftPackageProductDependency;
			package = AEF35B4D2B59EBC000FFAF5C /* XCRemoteSwiftPackageReference "firebase-ios-sdk" */;
			productName = "FirebaseFunctionsCombine-Community";
		};
		AEF35B702B59EBC100FFAF5C /* FirebaseInAppMessaging-Beta */ = {
			isa = XCSwiftPackageProductDependency;
			package = AEF35B4D2B59EBC000FFAF5C /* XCRemoteSwiftPackageReference "firebase-ios-sdk" */;
			productName = "FirebaseInAppMessaging-Beta";
		};
		AEF35B722B59EBC100FFAF5C /* FirebaseInAppMessagingSwift-Beta */ = {
			isa = XCSwiftPackageProductDependency;
			package = AEF35B4D2B59EBC000FFAF5C /* XCRemoteSwiftPackageReference "firebase-ios-sdk" */;
			productName = "FirebaseInAppMessagingSwift-Beta";
		};
		AEF35B742B59EBC100FFAF5C /* FirebaseInstallations */ = {
			isa = XCSwiftPackageProductDependency;
			package = AEF35B4D2B59EBC000FFAF5C /* XCRemoteSwiftPackageReference "firebase-ios-sdk" */;
			productName = FirebaseInstallations;
		};
		AEF35B762B59EBC100FFAF5C /* FirebaseMLModelDownloader */ = {
			isa = XCSwiftPackageProductDependency;
			package = AEF35B4D2B59EBC000FFAF5C /* XCRemoteSwiftPackageReference "firebase-ios-sdk" */;
			productName = FirebaseMLModelDownloader;
		};
		AEF35B782B59EBC100FFAF5C /* FirebaseMessaging */ = {
			isa = XCSwiftPackageProductDependency;
			package = AEF35B4D2B59EBC000FFAF5C /* XCRemoteSwiftPackageReference "firebase-ios-sdk" */;
			productName = FirebaseMessaging;
		};
		AEF35B7A2B59EBC100FFAF5C /* FirebasePerformance */ = {
			isa = XCSwiftPackageProductDependency;
			package = AEF35B4D2B59EBC000FFAF5C /* XCRemoteSwiftPackageReference "firebase-ios-sdk" */;
			productName = FirebasePerformance;
		};
		AEF35B7C2B59EBC100FFAF5C /* FirebaseRemoteConfig */ = {
			isa = XCSwiftPackageProductDependency;
			package = AEF35B4D2B59EBC000FFAF5C /* XCRemoteSwiftPackageReference "firebase-ios-sdk" */;
			productName = FirebaseRemoteConfig;
		};
		AEF35B7E2B59EBC100FFAF5C /* FirebaseRemoteConfigSwift */ = {
			isa = XCSwiftPackageProductDependency;
			package = AEF35B4D2B59EBC000FFAF5C /* XCRemoteSwiftPackageReference "firebase-ios-sdk" */;
			productName = FirebaseRemoteConfigSwift;
		};
		AEF35B802B59EBC100FFAF5C /* FirebaseStorage */ = {
			isa = XCSwiftPackageProductDependency;
			package = AEF35B4D2B59EBC000FFAF5C /* XCRemoteSwiftPackageReference "firebase-ios-sdk" */;
			productName = FirebaseStorage;
		};
		AEF35B822B59EBC100FFAF5C /* FirebaseStorageCombine-Community */ = {
			isa = XCSwiftPackageProductDependency;
			package = AEF35B4D2B59EBC000FFAF5C /* XCRemoteSwiftPackageReference "firebase-ios-sdk" */;
			productName = "FirebaseStorageCombine-Community";
		};
/* End XCSwiftPackageProductDependency section */
	};
	rootObject = AEF35AF92B59B75C00FFAF5C /* Project object */;
}
